// !$*UTF8*$!
{
	archiveVersion = 1;
	classes = {
	};
	objectVersion = 55;
	objects = {

/* Begin PBXBuildFile section */
		F25F05FD2922D3B80048DEDB /* History.swift in Sources */ = {isa = PBXBuildFile; fileRef = F25F05FC2922D3B80048DEDB /* History.swift */; };
		F25F05FF2922D44E0048DEDB /* RoundedRectMid.swift in Sources */ = {isa = PBXBuildFile; fileRef = F25F05FE2922D44E0048DEDB /* RoundedRectMid.swift */; };
		F25F0602292359C70048DEDB /* YouOweComponent.swift in Sources */ = {isa = PBXBuildFile; fileRef = F25F0601292359C70048DEDB /* YouOweComponent.swift */; };
		F25F06042923728B0048DEDB /* PayButton.swift in Sources */ = {isa = PBXBuildFile; fileRef = F25F06032923728B0048DEDB /* PayButton.swift */; };
		F25F0609292409EC0048DEDB /* CreatePaymentStep2View.swift in Sources */ = {isa = PBXBuildFile; fileRef = F25F0608292409EC0048DEDB /* CreatePaymentStep2View.swift */; };
		F28777A72912453600062D88 /* PaymentSplitterDBApp.swift in Sources */ = {isa = PBXBuildFile; fileRef = F28777A62912453600062D88 /* PaymentSplitterDBApp.swift */; };
		F28777A92912453600062D88 /* ContentView.swift in Sources */ = {isa = PBXBuildFile; fileRef = F28777A82912453600062D88 /* ContentView.swift */; };
		F28777AB2912453700062D88 /* Assets.xcassets in Resources */ = {isa = PBXBuildFile; fileRef = F28777AA2912453700062D88 /* Assets.xcassets */; };
		F28777AE2912453700062D88 /* Preview Assets.xcassets in Resources */ = {isa = PBXBuildFile; fileRef = F28777AD2912453700062D88 /* Preview Assets.xcassets */; };
		F28777B82912453700062D88 /* PaymentSplitterDBTests.swift in Sources */ = {isa = PBXBuildFile; fileRef = F28777B72912453700062D88 /* PaymentSplitterDBTests.swift */; };
		F28777C22912453700062D88 /* PaymentSplitterDBUITests.swift in Sources */ = {isa = PBXBuildFile; fileRef = F28777C12912453700062D88 /* PaymentSplitterDBUITests.swift */; };
		F28777C42912453700062D88 /* PaymentSplitterDBUITestsLaunchTests.swift in Sources */ = {isa = PBXBuildFile; fileRef = F28777C32912453700062D88 /* PaymentSplitterDBUITestsLaunchTests.swift */; };
		F2FCC92A291FAC6200ED2501 /* Nunito-VariableFont.ttf in Resources */ = {isa = PBXBuildFile; fileRef = F2FCC929291FAC6200ED2501 /* Nunito-VariableFont.ttf */; };
		F2FCC92E2922445600ED2501 /* CreatePaymentMainView.swift in Sources */ = {isa = PBXBuildFile; fileRef = F2FCC92D2922445600ED2501 /* CreatePaymentMainView.swift */; };
		F2FCC9312922D14400ED2501 /* TotalBalance.swift in Sources */ = {isa = PBXBuildFile; fileRef = F2FCC9302922D14400ED2501 /* TotalBalance.swift */; };
/* End PBXBuildFile section */

/* Begin PBXContainerItemProxy section */
		F28777B42912453700062D88 /* PBXContainerItemProxy */ = {
			isa = PBXContainerItemProxy;
			containerPortal = F287779B2912453600062D88 /* Project object */;
			proxyType = 1;
			remoteGlobalIDString = F28777A22912453600062D88;
			remoteInfo = PaymentSplitterDB;
		};
		F28777BE2912453700062D88 /* PBXContainerItemProxy */ = {
			isa = PBXContainerItemProxy;
			containerPortal = F287779B2912453600062D88 /* Project object */;
			proxyType = 1;
			remoteGlobalIDString = F28777A22912453600062D88;
			remoteInfo = PaymentSplitterDB;
		};
/* End PBXContainerItemProxy section */

/* Begin PBXFileReference section */
		F25F05FC2922D3B80048DEDB /* History.swift */ = {isa = PBXFileReference; lastKnownFileType = sourcecode.swift; path = History.swift; sourceTree = "<group>"; };
		F25F05FE2922D44E0048DEDB /* RoundedRectMid.swift */ = {isa = PBXFileReference; lastKnownFileType = sourcecode.swift; path = RoundedRectMid.swift; sourceTree = "<group>"; };
		F25F0601292359C70048DEDB /* YouOweComponent.swift */ = {isa = PBXFileReference; lastKnownFileType = sourcecode.swift; path = YouOweComponent.swift; sourceTree = "<group>"; };
		F25F06032923728B0048DEDB /* PayButton.swift */ = {isa = PBXFileReference; lastKnownFileType = sourcecode.swift; path = PayButton.swift; sourceTree = "<group>"; };
		F25F0608292409EC0048DEDB /* CreatePaymentStep2View.swift */ = {isa = PBXFileReference; lastKnownFileType = sourcecode.swift; path = CreatePaymentStep2View.swift; sourceTree = "<group>"; };
		F28777A32912453600062D88 /* PaymentSplitterDB.app */ = {isa = PBXFileReference; explicitFileType = wrapper.application; includeInIndex = 0; path = PaymentSplitterDB.app; sourceTree = BUILT_PRODUCTS_DIR; };
		F28777A62912453600062D88 /* PaymentSplitterDBApp.swift */ = {isa = PBXFileReference; lastKnownFileType = sourcecode.swift; path = PaymentSplitterDBApp.swift; sourceTree = "<group>"; };
		F28777A82912453600062D88 /* ContentView.swift */ = {isa = PBXFileReference; lastKnownFileType = sourcecode.swift; path = ContentView.swift; sourceTree = "<group>"; };
		F28777AA2912453700062D88 /* Assets.xcassets */ = {isa = PBXFileReference; lastKnownFileType = folder.assetcatalog; path = Assets.xcassets; sourceTree = "<group>"; };
		F28777AD2912453700062D88 /* Preview Assets.xcassets */ = {isa = PBXFileReference; lastKnownFileType = folder.assetcatalog; path = "Preview Assets.xcassets"; sourceTree = "<group>"; };
		F28777B32912453700062D88 /* PaymentSplitterDBTests.xctest */ = {isa = PBXFileReference; explicitFileType = wrapper.cfbundle; includeInIndex = 0; path = PaymentSplitterDBTests.xctest; sourceTree = BUILT_PRODUCTS_DIR; };
		F28777B72912453700062D88 /* PaymentSplitterDBTests.swift */ = {isa = PBXFileReference; lastKnownFileType = sourcecode.swift; path = PaymentSplitterDBTests.swift; sourceTree = "<group>"; };
		F28777BD2912453700062D88 /* PaymentSplitterDBUITests.xctest */ = {isa = PBXFileReference; explicitFileType = wrapper.cfbundle; includeInIndex = 0; path = PaymentSplitterDBUITests.xctest; sourceTree = BUILT_PRODUCTS_DIR; };
		F28777C12912453700062D88 /* PaymentSplitterDBUITests.swift */ = {isa = PBXFileReference; lastKnownFileType = sourcecode.swift; path = PaymentSplitterDBUITests.swift; sourceTree = "<group>"; };
		F28777C32912453700062D88 /* PaymentSplitterDBUITestsLaunchTests.swift */ = {isa = PBXFileReference; lastKnownFileType = sourcecode.swift; path = PaymentSplitterDBUITestsLaunchTests.swift; sourceTree = "<group>"; };
		F2FCC920291FA69400ED2501 /* Info.plist */ = {isa = PBXFileReference; lastKnownFileType = text.plist; path = Info.plist; sourceTree = "<group>"; };
		F2FCC929291FAC6200ED2501 /* Nunito-VariableFont.ttf */ = {isa = PBXFileReference; lastKnownFileType = file; path = "Nunito-VariableFont.ttf"; sourceTree = "<group>"; };
		F2FCC92D2922445600ED2501 /* CreatePaymentMainView.swift */ = {isa = PBXFileReference; lastKnownFileType = sourcecode.swift; path = CreatePaymentMainView.swift; sourceTree = "<group>"; };
		F2FCC9302922D14400ED2501 /* TotalBalance.swift */ = {isa = PBXFileReference; lastKnownFileType = sourcecode.swift; path = TotalBalance.swift; sourceTree = "<group>"; };
/* End PBXFileReference section */

/* Begin PBXFrameworksBuildPhase section */
		F28777A02912453600062D88 /* Frameworks */ = {
			isa = PBXFrameworksBuildPhase;
			buildActionMask = 2147483647;
			files = (
			);
			runOnlyForDeploymentPostprocessing = 0;
		};
		F28777B02912453700062D88 /* Frameworks */ = {
			isa = PBXFrameworksBuildPhase;
			buildActionMask = 2147483647;
			files = (
			);
			runOnlyForDeploymentPostprocessing = 0;
		};
		F28777BA2912453700062D88 /* Frameworks */ = {
			isa = PBXFrameworksBuildPhase;
			buildActionMask = 2147483647;
			files = (
			);
			runOnlyForDeploymentPostprocessing = 0;
		};
/* End PBXFrameworksBuildPhase section */

/* Begin PBXGroup section */
		F25F05FB2922D3890048DEDB /* ContentView Components */ = {
			isa = PBXGroup;
			children = (
				F2FCC9302922D14400ED2501 /* TotalBalance.swift */,
				F25F05FC2922D3B80048DEDB /* History.swift */,
			);
			path = "ContentView Components";
			sourceTree = "<group>";
		};
		F25F0600292359A50048DEDB /* CreatePaymentComponents */ = {
			isa = PBXGroup;
			children = (
				F25F0601292359C70048DEDB /* YouOweComponent.swift */,
				F25F06032923728B0048DEDB /* PayButton.swift */,
			);
			path = CreatePaymentComponents;
			sourceTree = "<group>";
		};
		F287779A2912453600062D88 = {
			isa = PBXGroup;
			children = (
				F28777A52912453600062D88 /* PaymentSplitterDB */,
				F28777B62912453700062D88 /* PaymentSplitterDBTests */,
				F28777C02912453700062D88 /* PaymentSplitterDBUITests */,
				F28777A42912453600062D88 /* Products */,
			);
			sourceTree = "<group>";
		};
		F28777A42912453600062D88 /* Products */ = {
			isa = PBXGroup;
			children = (
				F28777A32912453600062D88 /* PaymentSplitterDB.app */,
				F28777B32912453700062D88 /* PaymentSplitterDBTests.xctest */,
				F28777BD2912453700062D88 /* PaymentSplitterDBUITests.xctest */,
			);
			name = Products;
			sourceTree = "<group>";
		};
		F28777A52912453600062D88 /* PaymentSplitterDB */ = {
			isa = PBXGroup;
			children = (
				F2FCC929291FAC6200ED2501 /* Nunito-VariableFont.ttf */,
				F2FCC920291FA69400ED2501 /* Info.plist */,
				F2FCC92F2922D11900ED2501 /* Components */,
				F28777A62912453600062D88 /* PaymentSplitterDBApp.swift */,
				F28777A82912453600062D88 /* ContentView.swift */,
				F28777AA2912453700062D88 /* Assets.xcassets */,
				F25F0608292409EC0048DEDB /* CreatePaymentStep2View.swift */,
				F2FCC92D2922445600ED2501 /* CreatePaymentMainView.swift */,
				F28777AC2912453700062D88 /* Preview Content */,
			);
			path = PaymentSplitterDB;
			sourceTree = "<group>";
		};
		F28777AC2912453700062D88 /* Preview Content */ = {
			isa = PBXGroup;
			children = (
				F28777AD2912453700062D88 /* Preview Assets.xcassets */,
			);
			path = "Preview Content";
			sourceTree = "<group>";
		};
		F28777B62912453700062D88 /* PaymentSplitterDBTests */ = {
			isa = PBXGroup;
			children = (
				F28777B72912453700062D88 /* PaymentSplitterDBTests.swift */,
			);
			path = PaymentSplitterDBTests;
			sourceTree = "<group>";
		};
		F28777C02912453700062D88 /* PaymentSplitterDBUITests */ = {
			isa = PBXGroup;
			children = (
				F28777C12912453700062D88 /* PaymentSplitterDBUITests.swift */,
				F28777C32912453700062D88 /* PaymentSplitterDBUITestsLaunchTests.swift */,
			);
			path = PaymentSplitterDBUITests;
			sourceTree = "<group>";
		};
		F2FCC92F2922D11900ED2501 /* Components */ = {
			isa = PBXGroup;
			children = (
				F25F0600292359A50048DEDB /* CreatePaymentComponents */,
				F25F05FB2922D3890048DEDB /* ContentView Components */,
				F25F05FE2922D44E0048DEDB /* RoundedRectMid.swift */,
			);
			path = Components;
			sourceTree = "<group>";
		};
/* End PBXGroup section */

/* Begin PBXNativeTarget section */
		F28777A22912453600062D88 /* PaymentSplitterDB */ = {
			isa = PBXNativeTarget;
			buildConfigurationList = F28777C72912453700062D88 /* Build configuration list for PBXNativeTarget "PaymentSplitterDB" */;
			buildPhases = (
				F287779F2912453600062D88 /* Sources */,
				F28777A02912453600062D88 /* Frameworks */,
				F28777A12912453600062D88 /* Resources */,
			);
			buildRules = (
			);
			dependencies = (
			);
			name = PaymentSplitterDB;
			productName = PaymentSplitterDB;
			productReference = F28777A32912453600062D88 /* PaymentSplitterDB.app */;
			productType = "com.apple.product-type.application";
		};
		F28777B22912453700062D88 /* PaymentSplitterDBTests */ = {
			isa = PBXNativeTarget;
			buildConfigurationList = F28777CA2912453700062D88 /* Build configuration list for PBXNativeTarget "PaymentSplitterDBTests" */;
			buildPhases = (
				F28777AF2912453700062D88 /* Sources */,
				F28777B02912453700062D88 /* Frameworks */,
				F28777B12912453700062D88 /* Resources */,
			);
			buildRules = (
			);
			dependencies = (
				F28777B52912453700062D88 /* PBXTargetDependency */,
			);
			name = PaymentSplitterDBTests;
			productName = PaymentSplitterDBTests;
			productReference = F28777B32912453700062D88 /* PaymentSplitterDBTests.xctest */;
			productType = "com.apple.product-type.bundle.unit-test";
		};
		F28777BC2912453700062D88 /* PaymentSplitterDBUITests */ = {
			isa = PBXNativeTarget;
			buildConfigurationList = F28777CD2912453700062D88 /* Build configuration list for PBXNativeTarget "PaymentSplitterDBUITests" */;
			buildPhases = (
				F28777B92912453700062D88 /* Sources */,
				F28777BA2912453700062D88 /* Frameworks */,
				F28777BB2912453700062D88 /* Resources */,
			);
			buildRules = (
			);
			dependencies = (
				F28777BF2912453700062D88 /* PBXTargetDependency */,
			);
			name = PaymentSplitterDBUITests;
			productName = PaymentSplitterDBUITests;
			productReference = F28777BD2912453700062D88 /* PaymentSplitterDBUITests.xctest */;
			productType = "com.apple.product-type.bundle.ui-testing";
		};
/* End PBXNativeTarget section */

/* Begin PBXProject section */
		F287779B2912453600062D88 /* Project object */ = {
			isa = PBXProject;
			attributes = {
				BuildIndependentTargetsInParallel = 1;
				LastSwiftUpdateCheck = 1310;
				LastUpgradeCheck = 1310;
				TargetAttributes = {
					F28777A22912453600062D88 = {
						CreatedOnToolsVersion = 13.1;
					};
					F28777B22912453700062D88 = {
						CreatedOnToolsVersion = 13.1;
						TestTargetID = F28777A22912453600062D88;
					};
					F28777BC2912453700062D88 = {
						CreatedOnToolsVersion = 13.1;
						TestTargetID = F28777A22912453600062D88;
					};
				};
			};
			buildConfigurationList = F287779E2912453600062D88 /* Build configuration list for PBXProject "PaymentSplitterDB" */;
			compatibilityVersion = "Xcode 13.0";
			developmentRegion = en;
			hasScannedForEncodings = 0;
			knownRegions = (
				en,
				Base,
			);
			mainGroup = F287779A2912453600062D88;
			productRefGroup = F28777A42912453600062D88 /* Products */;
			projectDirPath = "";
			projectRoot = "";
			targets = (
				F28777A22912453600062D88 /* PaymentSplitterDB */,
				F28777B22912453700062D88 /* PaymentSplitterDBTests */,
				F28777BC2912453700062D88 /* PaymentSplitterDBUITests */,
			);
		};
/* End PBXProject section */

/* Begin PBXResourcesBuildPhase section */
		F28777A12912453600062D88 /* Resources */ = {
			isa = PBXResourcesBuildPhase;
			buildActionMask = 2147483647;
			files = (
				F28777AE2912453700062D88 /* Preview Assets.xcassets in Resources */,
				F2FCC92A291FAC6200ED2501 /* Nunito-VariableFont.ttf in Resources */,
				F28777AB2912453700062D88 /* Assets.xcassets in Resources */,
			);
			runOnlyForDeploymentPostprocessing = 0;
		};
		F28777B12912453700062D88 /* Resources */ = {
			isa = PBXResourcesBuildPhase;
			buildActionMask = 2147483647;
			files = (
			);
			runOnlyForDeploymentPostprocessing = 0;
		};
		F28777BB2912453700062D88 /* Resources */ = {
			isa = PBXResourcesBuildPhase;
			buildActionMask = 2147483647;
			files = (
			);
			runOnlyForDeploymentPostprocessing = 0;
		};
/* End PBXResourcesBuildPhase section */

/* Begin PBXSourcesBuildPhase section */
		F287779F2912453600062D88 /* Sources */ = {
			isa = PBXSourcesBuildPhase;
			buildActionMask = 2147483647;
			files = (
				F25F06042923728B0048DEDB /* PayButton.swift in Sources */,
				F28777A92912453600062D88 /* ContentView.swift in Sources */,
				F28777A72912453600062D88 /* PaymentSplitterDBApp.swift in Sources */,
				F25F05FF2922D44E0048DEDB /* RoundedRectMid.swift in Sources */,
				F2FCC92E2922445600ED2501 /* CreatePaymentMainView.swift in Sources */,
				F2FCC9312922D14400ED2501 /* TotalBalance.swift in Sources */,
				F25F0602292359C70048DEDB /* YouOweComponent.swift in Sources */,
				F25F05FD2922D3B80048DEDB /* History.swift in Sources */,
				F25F0609292409EC0048DEDB /* CreatePaymentStep2View.swift in Sources */,
			);
			runOnlyForDeploymentPostprocessing = 0;
		};
		F28777AF2912453700062D88 /* Sources */ = {
			isa = PBXSourcesBuildPhase;
			buildActionMask = 2147483647;
			files = (
				F28777B82912453700062D88 /* PaymentSplitterDBTests.swift in Sources */,
			);
			runOnlyForDeploymentPostprocessing = 0;
		};
		F28777B92912453700062D88 /* Sources */ = {
			isa = PBXSourcesBuildPhase;
			buildActionMask = 2147483647;
			files = (
				F28777C42912453700062D88 /* PaymentSplitterDBUITestsLaunchTests.swift in Sources */,
				F28777C22912453700062D88 /* PaymentSplitterDBUITests.swift in Sources */,
			);
			runOnlyForDeploymentPostprocessing = 0;
		};
/* End PBXSourcesBuildPhase section */

/* Begin PBXTargetDependency section */
		F28777B52912453700062D88 /* PBXTargetDependency */ = {
			isa = PBXTargetDependency;
			target = F28777A22912453600062D88 /* PaymentSplitterDB */;
			targetProxy = F28777B42912453700062D88 /* PBXContainerItemProxy */;
		};
		F28777BF2912453700062D88 /* PBXTargetDependency */ = {
			isa = PBXTargetDependency;
			target = F28777A22912453600062D88 /* PaymentSplitterDB */;
			targetProxy = F28777BE2912453700062D88 /* PBXContainerItemProxy */;
		};
/* End PBXTargetDependency section */

/* Begin XCBuildConfiguration section */
		F28777C52912453700062D88 /* Debug */ = {
			isa = XCBuildConfiguration;
			buildSettings = {
				ALWAYS_SEARCH_USER_PATHS = NO;
				CLANG_ANALYZER_NONNULL = YES;
				CLANG_ANALYZER_NUMBER_OBJECT_CONVERSION = YES_AGGRESSIVE;
				CLANG_CXX_LANGUAGE_STANDARD = "gnu++17";
				CLANG_CXX_LIBRARY = "libc++";
				CLANG_ENABLE_MODULES = YES;
				CLANG_ENABLE_OBJC_ARC = YES;
				CLANG_ENABLE_OBJC_WEAK = YES;
				CLANG_WARN_BLOCK_CAPTURE_AUTORELEASING = YES;
				CLANG_WARN_BOOL_CONVERSION = YES;
				CLANG_WARN_COMMA = YES;
				CLANG_WARN_CONSTANT_CONVERSION = YES;
				CLANG_WARN_DEPRECATED_OBJC_IMPLEMENTATIONS = YES;
				CLANG_WARN_DIRECT_OBJC_ISA_USAGE = YES_ERROR;
				CLANG_WARN_DOCUMENTATION_COMMENTS = YES;
				CLANG_WARN_EMPTY_BODY = YES;
				CLANG_WARN_ENUM_CONVERSION = YES;
				CLANG_WARN_INFINITE_RECURSION = YES;
				CLANG_WARN_INT_CONVERSION = YES;
				CLANG_WARN_NON_LITERAL_NULL_CONVERSION = YES;
				CLANG_WARN_OBJC_IMPLICIT_RETAIN_SELF = YES;
				CLANG_WARN_OBJC_LITERAL_CONVERSION = YES;
				CLANG_WARN_OBJC_ROOT_CLASS = YES_ERROR;
				CLANG_WARN_QUOTED_INCLUDE_IN_FRAMEWORK_HEADER = YES;
				CLANG_WARN_RANGE_LOOP_ANALYSIS = YES;
				CLANG_WARN_STRICT_PROTOTYPES = YES;
				CLANG_WARN_SUSPICIOUS_MOVE = YES;
				CLANG_WARN_UNGUARDED_AVAILABILITY = YES_AGGRESSIVE;
				CLANG_WARN_UNREACHABLE_CODE = YES;
				CLANG_WARN__DUPLICATE_METHOD_MATCH = YES;
				COPY_PHASE_STRIP = NO;
				DEBUG_INFORMATION_FORMAT = dwarf;
				ENABLE_STRICT_OBJC_MSGSEND = YES;
				ENABLE_TESTABILITY = YES;
				GCC_C_LANGUAGE_STANDARD = gnu11;
				GCC_DYNAMIC_NO_PIC = NO;
				GCC_NO_COMMON_BLOCKS = YES;
				GCC_OPTIMIZATION_LEVEL = 0;
				GCC_PREPROCESSOR_DEFINITIONS = (
					"DEBUG=1",
					"$(inherited)",
				);
				GCC_WARN_64_TO_32_BIT_CONVERSION = YES;
				GCC_WARN_ABOUT_RETURN_TYPE = YES_ERROR;
				GCC_WARN_UNDECLARED_SELECTOR = YES;
				GCC_WARN_UNINITIALIZED_AUTOS = YES_AGGRESSIVE;
				GCC_WARN_UNUSED_FUNCTION = YES;
				GCC_WARN_UNUSED_VARIABLE = YES;
				IPHONEOS_DEPLOYMENT_TARGET = 15.0;
				MTL_ENABLE_DEBUG_INFO = INCLUDE_SOURCE;
				MTL_FAST_MATH = YES;
				ONLY_ACTIVE_ARCH = YES;
				SDKROOT = iphoneos;
				SWIFT_ACTIVE_COMPILATION_CONDITIONS = DEBUG;
				SWIFT_OPTIMIZATION_LEVEL = "-Onone";
			};
			name = Debug;
		};
		F28777C62912453700062D88 /* Release */ = {
			isa = XCBuildConfiguration;
			buildSettings = {
				ALWAYS_SEARCH_USER_PATHS = NO;
				CLANG_ANALYZER_NONNULL = YES;
				CLANG_ANALYZER_NUMBER_OBJECT_CONVERSION = YES_AGGRESSIVE;
				CLANG_CXX_LANGUAGE_STANDARD = "gnu++17";
				CLANG_CXX_LIBRARY = "libc++";
				CLANG_ENABLE_MODULES = YES;
				CLANG_ENABLE_OBJC_ARC = YES;
				CLANG_ENABLE_OBJC_WEAK = YES;
				CLANG_WARN_BLOCK_CAPTURE_AUTORELEASING = YES;
				CLANG_WARN_BOOL_CONVERSION = YES;
				CLANG_WARN_COMMA = YES;
				CLANG_WARN_CONSTANT_CONVERSION = YES;
				CLANG_WARN_DEPRECATED_OBJC_IMPLEMENTATIONS = YES;
				CLANG_WARN_DIRECT_OBJC_ISA_USAGE = YES_ERROR;
				CLANG_WARN_DOCUMENTATION_COMMENTS = YES;
				CLANG_WARN_EMPTY_BODY = YES;
				CLANG_WARN_ENUM_CONVERSION = YES;
				CLANG_WARN_INFINITE_RECURSION = YES;
				CLANG_WARN_INT_CONVERSION = YES;
				CLANG_WARN_NON_LITERAL_NULL_CONVERSION = YES;
				CLANG_WARN_OBJC_IMPLICIT_RETAIN_SELF = YES;
				CLANG_WARN_OBJC_LITERAL_CONVERSION = YES;
				CLANG_WARN_OBJC_ROOT_CLASS = YES_ERROR;
				CLANG_WARN_QUOTED_INCLUDE_IN_FRAMEWORK_HEADER = YES;
				CLANG_WARN_RANGE_LOOP_ANALYSIS = YES;
				CLANG_WARN_STRICT_PROTOTYPES = YES;
				CLANG_WARN_SUSPICIOUS_MOVE = YES;
				CLANG_WARN_UNGUARDED_AVAILABILITY = YES_AGGRESSIVE;
				CLANG_WARN_UNREACHABLE_CODE = YES;
				CLANG_WARN__DUPLICATE_METHOD_MATCH = YES;
				COPY_PHASE_STRIP = NO;
				DEBUG_INFORMATION_FORMAT = "dwarf-with-dsym";
				ENABLE_NS_ASSERTIONS = NO;
				ENABLE_STRICT_OBJC_MSGSEND = YES;
				GCC_C_LANGUAGE_STANDARD = gnu11;
				GCC_NO_COMMON_BLOCKS = YES;
				GCC_WARN_64_TO_32_BIT_CONVERSION = YES;
				GCC_WARN_ABOUT_RETURN_TYPE = YES_ERROR;
				GCC_WARN_UNDECLARED_SELECTOR = YES;
				GCC_WARN_UNINITIALIZED_AUTOS = YES_AGGRESSIVE;
				GCC_WARN_UNUSED_FUNCTION = YES;
				GCC_WARN_UNUSED_VARIABLE = YES;
				IPHONEOS_DEPLOYMENT_TARGET = 15.0;
				MTL_ENABLE_DEBUG_INFO = NO;
				MTL_FAST_MATH = YES;
				SDKROOT = iphoneos;
				SWIFT_COMPILATION_MODE = wholemodule;
				SWIFT_OPTIMIZATION_LEVEL = "-O";
				VALIDATE_PRODUCT = YES;
			};
			name = Release;
		};
		F28777C82912453700062D88 /* Debug */ = {
			isa = XCBuildConfiguration;
			buildSettings = {
				ASSETCATALOG_COMPILER_APPICON_NAME = AppIcon;
				ASSETCATALOG_COMPILER_GLOBAL_ACCENT_COLOR_NAME = AccentColor;
				CODE_SIGN_STYLE = Automatic;
				CURRENT_PROJECT_VERSION = 1;
				DEVELOPMENT_ASSET_PATHS = "\"PaymentSplitterDB/Preview Content\"";
				DEVELOPMENT_TEAM = V776ZMX8N3;
				ENABLE_PREVIEWS = YES;
				GENERATE_INFOPLIST_FILE = YES;
				INFOPLIST_FILE = PaymentSplitterDB/Info.plist;
				INFOPLIST_KEY_UIApplicationSceneManifest_Generation = YES;
				INFOPLIST_KEY_UIApplicationSupportsIndirectInputEvents = YES;
				INFOPLIST_KEY_UILaunchScreen_Generation = YES;
				INFOPLIST_KEY_UISupportedInterfaceOrientations_iPad = "UIInterfaceOrientationPortrait UIInterfaceOrientationPortraitUpsideDown UIInterfaceOrientationLandscapeLeft UIInterfaceOrientationLandscapeRight";
				INFOPLIST_KEY_UISupportedInterfaceOrientations_iPhone = "UIInterfaceOrientationPortrait UIInterfaceOrientationLandscapeLeft UIInterfaceOrientationLandscapeRight";
				LD_RUNPATH_SEARCH_PATHS = (
					"$(inherited)",
					"@executable_path/Frameworks",
				);
				MARKETING_VERSION = 1.0;
				PRODUCT_BUNDLE_IDENTIFIER = distributeddb.PaymentSplitterDB;
				PRODUCT_NAME = "$(TARGET_NAME)";
				SWIFT_EMIT_LOC_STRINGS = YES;
				SWIFT_VERSION = 5.0;
				TARGETED_DEVICE_FAMILY = "1,2";
			};
			name = Debug;
		};
		F28777C92912453700062D88 /* Release */ = {
			isa = XCBuildConfiguration;
			buildSettings = {
				ASSETCATALOG_COMPILER_APPICON_NAME = AppIcon;
				ASSETCATALOG_COMPILER_GLOBAL_ACCENT_COLOR_NAME = AccentColor;
				CODE_SIGN_STYLE = Automatic;
				CURRENT_PROJECT_VERSION = 1;
				DEVELOPMENT_ASSET_PATHS = "\"PaymentSplitterDB/Preview Content\"";
				DEVELOPMENT_TEAM = V776ZMX8N3;
				ENABLE_PREVIEWS = YES;
				GENERATE_INFOPLIST_FILE = YES;
				INFOPLIST_FILE = PaymentSplitterDB/Info.plist;
				INFOPLIST_KEY_UIApplicationSceneManifest_Generation = YES;
				INFOPLIST_KEY_UIApplicationSupportsIndirectInputEvents = YES;
				INFOPLIST_KEY_UILaunchScreen_Generation = YES;
				INFOPLIST_KEY_UISupportedInterfaceOrientations_iPad = "UIInterfaceOrientationPortrait UIInterfaceOrientationPortraitUpsideDown UIInterfaceOrientationLandscapeLeft UIInterfaceOrientationLandscapeRight";
				INFOPLIST_KEY_UISupportedInterfaceOrientations_iPhone = "UIInterfaceOrientationPortrait UIInterfaceOrientationLandscapeLeft UIInterfaceOrientationLandscapeRight";
				LD_RUNPATH_SEARCH_PATHS = (
					"$(inherited)",
					"@executable_path/Frameworks",
				);
				MARKETING_VERSION = 1.0;
				PRODUCT_BUNDLE_IDENTIFIER = distributeddb.PaymentSplitterDB;
				PRODUCT_NAME = "$(TARGET_NAME)";
				SWIFT_EMIT_LOC_STRINGS = YES;
				SWIFT_VERSION = 5.0;
				TARGETED_DEVICE_FAMILY = "1,2";
			};
			name = Release;
		};
		F28777CB2912453700062D88 /* Debug */ = {
			isa = XCBuildConfiguration;
			buildSettings = {
				ALWAYS_EMBED_SWIFT_STANDARD_LIBRARIES = YES;
				BUNDLE_LOADER = "$(TEST_HOST)";
				CODE_SIGN_STYLE = Automatic;
				CURRENT_PROJECT_VERSION = 1;
				DEVELOPMENT_TEAM = V776ZMX8N3;
				GENERATE_INFOPLIST_FILE = YES;
				IPHONEOS_DEPLOYMENT_TARGET = 15.0;
				LD_RUNPATH_SEARCH_PATHS = (
					"$(inherited)",
					"@executable_path/Frameworks",
					"@loader_path/Frameworks",
				);
				MARKETING_VERSION = 1.0;
				PRODUCT_BUNDLE_IDENTIFIER = distributeddb.PaymentSplitterDBTests;
				PRODUCT_NAME = "$(TARGET_NAME)";
				SWIFT_EMIT_LOC_STRINGS = NO;
				SWIFT_VERSION = 5.0;
				TARGETED_DEVICE_FAMILY = "1,2";
				TEST_HOST = "$(BUILT_PRODUCTS_DIR)/PaymentSplitterDB.app/PaymentSplitterDB";
			};
			name = Debug;
		};
		F28777CC2912453700062D88 /* Release */ = {
			isa = XCBuildConfiguration;
			buildSettings = {
				ALWAYS_EMBED_SWIFT_STANDARD_LIBRARIES = YES;
				BUNDLE_LOADER = "$(TEST_HOST)";
				CODE_SIGN_STYLE = Automatic;
				CURRENT_PROJECT_VERSION = 1;
				DEVELOPMENT_TEAM = V776ZMX8N3;
				GENERATE_INFOPLIST_FILE = YES;
				IPHONEOS_DEPLOYMENT_TARGET = 15.0;
				LD_RUNPATH_SEARCH_PATHS = (
					"$(inherited)",
					"@executable_path/Frameworks",
					"@loader_path/Frameworks",
				);
				MARKETING_VERSION = 1.0;
				PRODUCT_BUNDLE_IDENTIFIER = distributeddb.PaymentSplitterDBTests;
				PRODUCT_NAME = "$(TARGET_NAME)";
				SWIFT_EMIT_LOC_STRINGS = NO;
				SWIFT_VERSION = 5.0;
				TARGETED_DEVICE_FAMILY = "1,2";
				TEST_HOST = "$(BUILT_PRODUCTS_DIR)/PaymentSplitterDB.app/PaymentSplitterDB";
			};
			name = Release;
		};
		F28777CE2912453700062D88 /* Debug */ = {
			isa = XCBuildConfiguration;
			buildSettings = {
				ALWAYS_EMBED_SWIFT_STANDARD_LIBRARIES = YES;
				CODE_SIGN_STYLE = Automatic;
				CURRENT_PROJECT_VERSION = 1;
				DEVELOPMENT_TEAM = V776ZMX8N3;
				GENERATE_INFOPLIST_FILE = YES;
				LD_RUNPATH_SEARCH_PATHS = (
					"$(inherited)",
					"@executable_path/Frameworks",
					"@loader_path/Frameworks",
				);
				MARKETING_VERSION = 1.0;
				PRODUCT_BUNDLE_IDENTIFIER = distributeddb.PaymentSplitterDBUITests;
				PRODUCT_NAME = "$(TARGET_NAME)";
				SWIFT_EMIT_LOC_STRINGS = NO;
				SWIFT_VERSION = 5.0;
				TARGETED_DEVICE_FAMILY = "1,2";
				TEST_TARGET_NAME = PaymentSplitterDB;
			};
			name = Debug;
		};
		F28777CF2912453700062D88 /* Release */ = {
			isa = XCBuildConfiguration;
			buildSettings = {
				ALWAYS_EMBED_SWIFT_STANDARD_LIBRARIES = YES;
				CODE_SIGN_STYLE = Automatic;
				CURRENT_PROJECT_VERSION = 1;
				DEVELOPMENT_TEAM = V776ZMX8N3;
				GENERATE_INFOPLIST_FILE = YES;
				LD_RUNPATH_SEARCH_PATHS = (
					"$(inherited)",
					"@executable_path/Frameworks",
					"@loader_path/Frameworks",
				);
				MARKETING_VERSION = 1.0;
				PRODUCT_BUNDLE_IDENTIFIER = distributeddb.PaymentSplitterDBUITests;
				PRODUCT_NAME = "$(TARGET_NAME)";
				SWIFT_EMIT_LOC_STRINGS = NO;
				SWIFT_VERSION = 5.0;
				TARGETED_DEVICE_FAMILY = "1,2";
				TEST_TARGET_NAME = PaymentSplitterDB;
			};
			name = Release;
		};
/* End XCBuildConfiguration section */

/* Begin XCConfigurationList section */
		F287779E2912453600062D88 /* Build configuration list for PBXProject "PaymentSplitterDB" */ = {
			isa = XCConfigurationList;
			buildConfigurations = (
				F28777C52912453700062D88 /* Debug */,
				F28777C62912453700062D88 /* Release */,
			);
			defaultConfigurationIsVisible = 0;
			defaultConfigurationName = Release;
		};
		F28777C72912453700062D88 /* Build configuration list for PBXNativeTarget "PaymentSplitterDB" */ = {
			isa = XCConfigurationList;
			buildConfigurations = (
				F28777C82912453700062D88 /* Debug */,
				F28777C92912453700062D88 /* Release */,
			);
			defaultConfigurationIsVisible = 0;
			defaultConfigurationName = Release;
		};
		F28777CA2912453700062D88 /* Build configuration list for PBXNativeTarget "PaymentSplitterDBTests" */ = {
			isa = XCConfigurationList;
			buildConfigurations = (
				F28777CB2912453700062D88 /* Debug */,
				F28777CC2912453700062D88 /* Release */,
			);
			defaultConfigurationIsVisible = 0;
			defaultConfigurationName = Release;
		};
		F28777CD2912453700062D88 /* Build configuration list for PBXNativeTarget "PaymentSplitterDBUITests" */ = {
			isa = XCConfigurationList;
			buildConfigurations = (
				F28777CE2912453700062D88 /* Debug */,
				F28777CF2912453700062D88 /* Release */,
			);
			defaultConfigurationIsVisible = 0;
			defaultConfigurationName = Release;
		};
/* End XCConfigurationList section */
	};
	rootObject = F287779B2912453600062D88 /* Project object */;
}
